<?xml version="1.0" encoding="utf-8"?>
<Project ToolsVersion="4.0" xmlns="http://schemas.microsoft.com/developer/msbuild/2003">
  <ItemGroup>
    <FxCompile Include="shader_pixel_2d.hlsl">
      <Filter>シェーダーファイル</Filter>
    </FxCompile>
    <FxCompile Include="shader_pixel_3d.hlsl">
      <Filter>シェーダーファイル</Filter>
    </FxCompile>
    <FxCompile Include="shader_pixel_billboard.hlsl">
      <Filter>シェーダーファイル</Filter>
    </FxCompile>
    <FxCompile Include="shader_pixel_field.hlsl">
      <Filter>シェーダーファイル</Filter>
    </FxCompile>
    <FxCompile Include="shader_vertex_2d.hlsl">
      <Filter>シェーダーファイル</Filter>
    </FxCompile>
    <FxCompile Include="shader_vertex_3d.hlsl">
      <Filter>シェーダーファイル</Filter>
    </FxCompile>
    <FxCompile Include="shader_vertex_billboard.hlsl">
      <Filter>シェーダーファイル</Filter>
    </FxCompile>
    <FxCompile Include="shader_vertex_field.hlsl">
      <Filter>シェーダーファイル</Filter>
    </FxCompile>
  </ItemGroup>
  <ItemGroup>
    <ClCompile Include="WICTextureLoader11.cpp">
      <Filter>リソースファイル</Filter>
    </ClCompile>
    <ClCompile Include="Audio.cpp">
      <Filter>リソースファイル</Filter>
    </ClCompile>
    <ClCompile Include="audio_manager.cpp">
      <Filter>リソースファイル</Filter>
    </ClCompile>
    <ClCompile Include="billboard.cpp">
      <Filter>リソースファイル</Filter>
    </ClCompile>
    <ClCompile Include="bullet.cpp">
      <Filter>リソースファイル</Filter>
    </ClCompile>
    <ClCompile Include="camera.cpp">
      <Filter>リソースファイル</Filter>
    </ClCompile>
    <ClCompile Include="collision.cpp">
      <Filter>リソースファイル</Filter>
    </ClCompile>
    <ClCompile Include="cube.cpp">
      <Filter>リソースファイル</Filter>
    </ClCompile>
    <ClCompile Include="debug_ostream.cpp">
      <Filter>リソースファイル</Filter>
    </ClCompile>
    <ClCompile Include="debug_text.cpp">
      <Filter>リソースファイル</Filter>
    </ClCompile>
    <ClCompile Include="direct3d.cpp">
      <Filter>リソースファイル</Filter>
    </ClCompile>
    <ClCompile Include="effect.cpp">
      <Filter>リソースファイル</Filter>
    </ClCompile>
    <ClCompile Include="fade.cpp">
      <Filter>リソースファイル</Filter>
    </ClCompile>
    <ClCompile Include="game.cpp">
      <Filter>リソースファイル</Filter>
    </ClCompile>
    <ClCompile Include="game_window.cpp">
      <Filter>リソースファイル</Filter>
    </ClCompile>
    <ClCompile Include="grid.cpp">
      <Filter>リソースファイル</Filter>
    </ClCompile>
    <ClCompile Include="key_logger.cpp">
      <Filter>リソースファイル</Filter>
    </ClCompile>
    <ClCompile Include="keyboard.cpp">
      <Filter>リソースファイル</Filter>
    </ClCompile>
    <ClCompile Include="light.cpp">
      <Filter>リソースファイル</Filter>
    </ClCompile>
    <ClCompile Include="main.cpp">
      <Filter>リソースファイル</Filter>
    </ClCompile>
    <ClCompile Include="map.cpp">
      <Filter>リソースファイル</Filter>
    </ClCompile>
    <ClCompile Include="meshfield.cpp">
      <Filter>リソースファイル</Filter>
    </ClCompile>
    <ClCompile Include="model.cpp">
      <Filter>リソースファイル</Filter>
    </ClCompile>
    <ClCompile Include="mouse.cpp">
      <Filter>リソースファイル</Filter>
    </ClCompile>
    <ClCompile Include="particle.cpp">
      <Filter>リソースファイル</Filter>
    </ClCompile>
    <ClCompile Include="player.cpp">
      <Filter>リソースファイル</Filter>
    </ClCompile>
    <ClCompile Include="player_camera.cpp">
      <Filter>リソースファイル</Filter>
    </ClCompile>
    <ClCompile Include="sampler.cpp">
      <Filter>リソースファイル</Filter>
    </ClCompile>
    <ClCompile Include="scene.cpp">
      <Filter>リソースファイル</Filter>
    </ClCompile>
    <ClCompile Include="score.cpp">
      <Filter>リソースファイル</Filter>
    </ClCompile>
    <ClCompile Include="shader_billboard.cpp">
      <Filter>リソースファイル</Filter>
    </ClCompile>
    <ClCompile Include="shader_field.cpp">
      <Filter>リソースファイル</Filter>
    </ClCompile>
    <ClCompile Include="shader2d.cpp">
      <Filter>リソースファイル</Filter>
    </ClCompile>
    <ClCompile Include="shader3d.cpp">
      <Filter>リソースファイル</Filter>
    </ClCompile>
    <ClCompile Include="sprite.cpp">
      <Filter>リソースファイル</Filter>
    </ClCompile>
    <ClCompile Include="sprite_anim.cpp">
      <Filter>リソースファイル</Filter>
    </ClCompile>
    <ClCompile Include="system_timer.cpp">
      <Filter>リソースファイル</Filter>
    </ClCompile>
    <ClCompile Include="texture.cpp">
      <Filter>リソースファイル</Filter>
    </ClCompile>
  </ItemGroup>
  <ItemGroup>
    <ClInclude Include="Audio.h">
      <Filter>ヘッダーファイル</Filter>
    </ClInclude>
    <ClInclude Include="audio_manager.h">
      <Filter>ヘッダーファイル</Filter>
    </ClInclude>
    <ClInclude Include="billboard.h">
      <Filter>ヘッダーファイル</Filter>
    </ClInclude>
    <ClInclude Include="bullet.h">
      <Filter>ヘッダーファイル</Filter>
    </ClInclude>
    <ClInclude Include="camera.h">
      <Filter>ヘッダーファイル</Filter>
    </ClInclude>
    <ClInclude Include="cube.h">
      <Filter>ヘッダーファイル</Filter>
    </ClInclude>
    <ClInclude Include="collision.h">
      <Filter>ヘッダーファイル</Filter>
    </ClInclude>
    <ClInclude Include="debug_ostream.h">
      <Filter>ヘッダーファイル</Filter>
    </ClInclude>
    <ClInclude Include="debug_text.h">
      <Filter>ヘッダーファイル</Filter>
    </ClInclude>
    <ClInclude Include="direct3d.h">
      <Filter>ヘッダーファイル</Filter>
    </ClInclude>
    <ClInclude Include="effect.h">
      <Filter>ヘッダーファイル</Filter>
    </ClInclude>
    <ClInclude Include="fade.h">
      <Filter>ヘッダーファイル</Filter>
    </ClInclude>
    <ClInclude Include="game.h">
      <Filter>ヘッダーファイル</Filter>
    </ClInclude>
    <ClInclude Include="game_window.h">
      <Filter>ヘッダーファイル</Filter>
    </ClInclude>
    <ClInclude Include="grid.h">
      <Filter>ヘッダーファイル</Filter>
    </ClInclude>
    <ClInclude Include="key_logger.h">
      <Filter>ヘッダーファイル</Filter>
    </ClInclude>
    <ClInclude Include="keyboard.h">
      <Filter>ヘッダーファイル</Filter>
    </ClInclude>
    <ClInclude Include="light.h">
      <Filter>ヘッダーファイル</Filter>
    </ClInclude>
    <ClInclude Include="map.h">
      <Filter>ヘッダーファイル</Filter>
    </ClInclude>
    <ClInclude Include="meshfield.h">
      <Filter>ヘッダーファイル</Filter>
    </ClInclude>
    <ClInclude Include="model.h">
      <Filter>ヘッダーファイル</Filter>
    </ClInclude>
    <ClInclude Include="mouse.h">
      <Filter>ヘッダーファイル</Filter>
    </ClInclude>
    <ClInclude Include="particle.h">
      <Filter>ヘッダーファイル</Filter>
    </ClInclude>
    <ClInclude Include="pause.h">
      <Filter>ヘッダーファイル</Filter>
    </ClInclude>
    <ClInclude Include="player.h">
      <Filter>ヘッダーファイル</Filter>
    </ClInclude>
    <ClInclude Include="player_camera.h">
      <Filter>ヘッダーファイル</Filter>
    </ClInclude>
    <ClInclude Include="sampler.h">
      <Filter>ヘッダーファイル</Filter>
    </ClInclude>
    <ClInclude Include="scene.h">
      <Filter>ヘッダーファイル</Filter>
    </ClInclude>
    <ClInclude Include="score.h">
      <Filter>ヘッダーファイル</Filter>
    </ClInclude>
    <ClInclude Include="shader_billboard.h">
      <Filter>ヘッダーファイル</Filter>
    </ClInclude>
    <ClInclude Include="shader_field.h">
      <Filter>ヘッダーファイル</Filter>
    </ClInclude>
    <ClInclude Include="shader2d.h">
      <Filter>ヘッダーファイル</Filter>
    </ClInclude>
    <ClInclude Include="shader3d.h">
      <Filter>ヘッダーファイル</Filter>
    </ClInclude>
    <ClInclude Include="sprite.h">
      <Filter>ヘッダーファイル</Filter>
    </ClInclude>
    <ClInclude Include="sprite_anim.h">
      <Filter>ヘッダーファイル</Filter>
    </ClInclude>
    <ClInclude Include="system_timer.h">
      <Filter>ヘッダーファイル</Filter>
    </ClInclude>
    <ClInclude Include="texture.h">
      <Filter>ヘッダーファイル</Filter>
    </ClInclude>
    <ClInclude Include="WICTextureLoader11.h">
      <Filter>ヘッダーファイル</Filter>
    </ClInclude>
  </ItemGroup>
  <ItemGroup>
    <Filter Include="シェーダーファイル">
      <UniqueIdentifier>{ffe09b8d-60fa-4e3d-bec1-41e7b5b2c6d4}</UniqueIdentifier>
    </Filter>
    <Filter Include="ヘッダーファイル">
      <UniqueIdentifier>{58db30e2-65ae-4f77-88a7-b3ac1d2faacc}</UniqueIdentifier>
    </Filter>
    <Filter Include="リソースファイル">
      <UniqueIdentifier>{319ab67e-4b0b-4ce5-9b1e-783680dc2e03}</UniqueIdentifier>
    </Filter>
  </ItemGroup>
</Project>