<?xml version="1.0" encoding="utf-8"?>
<Project ToolsVersion="4.0" xmlns="http://schemas.microsoft.com/developer/msbuild/2003">
  <ItemGroup>
    <FxCompile Include="shader_pixel_2d.hlsl" />
    <FxCompile Include="shader_pixel_3d.hlsl" />
    <FxCompile Include="shader_pixel_3d_unlit.hlsl" />
    <FxCompile Include="shader_pixel_billboard.hlsl" />
    <FxCompile Include="shader_pixel_depth.hlsl" />
    <FxCompile Include="shader_pixel_field.hlsl" />
    <FxCompile Include="shader_vertex_2d.hlsl" />
    <FxCompile Include="shader_vertex_3d.hlsl" />
    <FxCompile Include="shader_vertex_3d_unlit.hlsl" />
    <FxCompile Include="shader_vertex_billboard.hlsl" />
    <FxCompile Include="shader_vertex_depth.hlsl" />
    <FxCompile Include="shader_vertex_field.hlsl" />
    <FxCompile Include="shader_vertex_3d_skinned.hlsl" />
  </ItemGroup>
  <ItemGroup>
    <ClCompile Include="Audio.cpp" />
    <ClCompile Include="audio_manager.cpp" />
    <ClCompile Include="billboard.cpp" />
    <ClCompile Include="bullet.cpp" />
    <ClCompile Include="bullet_hit_effect.cpp" />
    <ClCompile Include="camera.cpp" />
    <ClCompile Include="circle_shadow.cpp" />
    <ClCompile Include="collision.cpp" />
    <ClCompile Include="cube.cpp" />
    <ClCompile Include="debug_ostream.cpp" />
    <ClCompile Include="debug_text.cpp" />
    <ClCompile Include="direct3d.cpp" />
    <ClCompile Include="effect.cpp" />
    <ClCompile Include="enemy.cpp" />
    <ClCompile Include="enemy_normal.cpp" />
    <ClCompile Include="fade.cpp" />
    <ClCompile Include="game.cpp" />
    <ClCompile Include="game_window.cpp" />
    <ClCompile Include="grid.cpp" />
    <ClCompile Include="keyboard.cpp" />
    <ClCompile Include="key_logger.cpp" />
    <ClCompile Include="light.cpp" />
    <ClCompile Include="light_camera.cpp" />
    <ClCompile Include="main.cpp" />
    <ClCompile Include="map.cpp" />
    <ClCompile Include="mapcamera.cpp" />
    <ClCompile Include="meshfield.cpp" />
    <ClCompile Include="model.cpp" />
    <ClCompile Include="mouse.cpp" />
    <ClCompile Include="particle.cpp" />
    <ClCompile Include="player.cpp" />
    <ClCompile Include="player_camera.cpp" />
    <ClCompile Include="sampler.cpp" />
    <ClCompile Include="scene.cpp" />
    <ClCompile Include="score.cpp" />
    <ClCompile Include="shader2d.cpp" />
    <ClCompile Include="shader3d.cpp" />
    <ClCompile Include="shader3d_unlit.cpp" />
    <ClCompile Include="shader_billboard.cpp" />
    <ClCompile Include="shader_depth.cpp" />
    <ClCompile Include="shader_field.cpp" />
    <ClCompile Include="sky.cpp" />
    <ClCompile Include="sprite.cpp" />
    <ClCompile Include="sprite_anim.cpp" />
    <ClCompile Include="system_timer.cpp" />
    <ClCompile Include="texture.cpp" />
    <ClCompile Include="trajectory3d.cpp" />
    <ClCompile Include="WICTextureLoader11.cpp" />
    <ClCompile Include="hummer.cpp" />
    <ClCompile Include="enemy_spawner.cpp" />
    <ClCompile Include="text.cpp" />
    <ClCompile Include="title.cpp" />
    <ClCompile Include="EndScene.cpp" />
    <ClCompile Include="game_Ui.cpp" />
    <ClCompile Include="particle_test.cpp" />
    <ClCompile Include="animator.cpp" />
    <ClCompile Include="modelLoader.cpp" />
    <ClCompile Include="SkinnedModel.cpp" />
  </ItemGroup>
  <ItemGroup>
    <ClInclude Include="Audio.h" />
    <ClInclude Include="audio_manager.h" />
    <ClInclude Include="billboard.h" />
    <ClInclude Include="bullet.h" />
    <ClInclude Include="bullet_hit_effect.h" />
    <ClInclude Include="camera.h" />
    <ClInclude Include="circle_shadow.h" />
    <ClInclude Include="collision.h" />
    <ClInclude Include="cube.h" />
    <ClInclude Include="debug_ostream.h" />
    <ClInclude Include="debug_text.h" />
    <ClInclude Include="direct3d.h" />
    <ClInclude Include="effect.h" />
    <ClInclude Include="enemy.h" />
    <ClInclude Include="enemy_normal.h" />
    <ClInclude Include="fade.h" />
    <ClInclude Include="game.h" />
    <ClInclude Include="game_window.h" />
    <ClInclude Include="grid.h" />
    <ClInclude Include="keyboard.h" />
    <ClInclude Include="key_logger.h" />
    <ClInclude Include="light_camera.h" />
    <ClInclude Include="map.h" />
    <ClInclude Include="mapcamera.h" />
    <ClInclude Include="meshfield.h" />
    <ClInclude Include="model.h" />
    <ClInclude Include="mouse.h" />
    <ClInclude Include="particle.h" />
    <ClInclude Include="pause.h" />
    <ClInclude Include="light.h" />
    <ClInclude Include="player.h" />
    <ClInclude Include="player_camera.h" />
    <ClInclude Include="sampler.h" />
    <ClInclude Include="scene.h" />
    <ClInclude Include="score.h" />
    <ClInclude Include="shader2d.h" />
    <ClInclude Include="shader3d.h" />
    <ClInclude Include="shader3d_unlit.h" />
    <ClInclude Include="shader_billboard.h" />
    <ClInclude Include="shader_depth.h" />
    <ClInclude Include="shader_field.h" />
    <ClInclude Include="sky.h" />
    <ClInclude Include="sprite.h" />
    <ClInclude Include="sprite_anim.h" />
    <ClInclude Include="system_timer.h" />
    <ClInclude Include="texture.h" />
    <ClInclude Include="trajectory3d.h" />
    <ClInclude Include="WICTextureLoader11.h" />
    <ClInclude Include="hummer.h" />
    <ClInclude Include="enemy_spawner.h" />
    <ClInclude Include="text.h" />
    <ClInclude Include="title.h" />
    <ClInclude Include="EndScene.h" />
    <ClInclude Include="game_Ui.h" />
    <ClInclude Include="particle_test.h" />
    <ClInclude Include="animator.h" />
    <ClInclude Include="modelLoader.h" />
    <ClInclude Include="SkinnedModel.h" />
  </ItemGroup>
</Project>